
Microsoft Visual Studio Solution File, Format Version 12.00
# Visual Studio Version 16
VisualStudioVersion = 16.0.31702.278
MinimumVisualStudioVersion = 10.0.40219.1
Project("{888888A0-9F3D-457C-B088-3A5042F75D52}") = "ChatBot", "ChatBot.pyproj", "{A2A8FF0B-22C6-423F-AE20-F64838C4DA3F}"
EndProject
Global
	GlobalSection(SolutionConfigurationPlatforms) = preSolution
		Debug|Any CPU = Debug|Any CPU
		Release|Any CPU = Release|Any CPU
	EndGlobalSection
	GlobalSection(ProjectConfigurationPlatforms) = postSolution
		{A2A8FF0B-22C6-423F-AE20-F64838C4DA3F}.Debug|Any CPU.ActiveCfg = Debug|Any CPU
		{A2A8FF0B-22C6-423F-AE20-F64838C4DA3F}.Release|Any CPU.ActiveCfg = Release|Any CPU
	EndGlobalSection
	GlobalSection(SolutionProperties) = preSolution
		HideSolutionNode = FALSE
	EndGlobalSection
	GlobalSection(ExtensibilityGlobals) = postSolution
		SolutionGuid = {5D81B870-D241-4420-B9CC-AA80F0AD300D}
	EndGlobalSection
EndGlobal
